
Microsoft Visual Studio Solution File, Format Version 12.00
# Visual Studio 15
VisualStudioVersion = 15.0.28307.168
MinimumVisualStudioVersion = 10.0.40219.1
Project("{9A19103F-16F7-4668-BE54-9A1E7A4F7556}") = "Parkster", "Parkster.csproj", "{08AD7014-6CA0-4A03-A268-AFDFF43844FC}"
EndProject
Global
	GlobalSection(SolutionConfigurationPlatforms) = preSolution
		Debug|Any CPU = Debug|Any CPU
		Release|Any CPU = Release|Any CPU
	EndGlobalSection
	GlobalSection(ProjectConfigurationPlatforms) = postSolution
		{08AD7014-6CA0-4A03-A268-AFDFF43844FC}.Debug|Any CPU.ActiveCfg = Debug|Any CPU
		{08AD7014-6CA0-4A03-A268-AFDFF43844FC}.Debug|Any CPU.Build.0 = Debug|Any CPU
		{08AD7014-6CA0-4A03-A268-AFDFF43844FC}.Release|Any CPU.ActiveCfg = Release|Any CPU
		{08AD7014-6CA0-4A03-A268-AFDFF43844FC}.Release|Any CPU.Build.0 = Release|Any CPU
	EndGlobalSection
	GlobalSection(SolutionProperties) = preSolution
		HideSolutionNode = FALSE
	EndGlobalSection
	GlobalSection(ExtensibilityGlobals) = postSolution
		SolutionGuid = {1051006D-A55D-4171-ADB7-1E3EF818F7C0}
	EndGlobalSection
EndGlobal
